
Microsoft Visual Studio Solution File, Format Version 12.00
# Visual Studio Version 17
VisualStudioVersion = 17.9.34622.214
MinimumVisualStudioVersion = 10.0.40219.1
Project("{9A19103F-16F7-4668-BE54-9A1E7A4F7556}") = "DesignPatterns.Decorator", "DesignPatterns.Decorator\DesignPatterns.Decorator.csproj", "{ECDE8C0C-63AC-4E2E-A982-0BDF824BD4C3}"
EndProject
Project("{9A19103F-16F7-4668-BE54-9A1E7A4F7556}") = "DesignPatterns.Builder", "DesignPatterns.Builder\DesignPatterns.Builder.csproj", "{2A8D0FCE-ADCB-4BD6-8879-57E67A44CD25}"
EndProject
Project("{FAE04EC0-301F-11D3-BF4B-00C04F79EFBC}") = "DesignPatterns.Singleton", "DesignPatterns.Singleton\DesignPatterns.Singleton.csproj", "{E65BE5BE-0778-4747-98F8-4A3C9D3897F1}"
EndProject
Global
	GlobalSection(SolutionConfigurationPlatforms) = preSolution
		Debug|Any CPU = Debug|Any CPU
		Release|Any CPU = Release|Any CPU
	EndGlobalSection
	GlobalSection(ProjectConfigurationPlatforms) = postSolution
		{ECDE8C0C-63AC-4E2E-A982-0BDF824BD4C3}.Debug|Any CPU.ActiveCfg = Debug|Any CPU
		{ECDE8C0C-63AC-4E2E-A982-0BDF824BD4C3}.Debug|Any CPU.Build.0 = Debug|Any CPU
		{ECDE8C0C-63AC-4E2E-A982-0BDF824BD4C3}.Release|Any CPU.ActiveCfg = Release|Any CPU
		{ECDE8C0C-63AC-4E2E-A982-0BDF824BD4C3}.Release|Any CPU.Build.0 = Release|Any CPU
		{2A8D0FCE-ADCB-4BD6-8879-57E67A44CD25}.Debug|Any CPU.ActiveCfg = Debug|Any CPU
		{2A8D0FCE-ADCB-4BD6-8879-57E67A44CD25}.Debug|Any CPU.Build.0 = Debug|Any CPU
		{2A8D0FCE-ADCB-4BD6-8879-57E67A44CD25}.Release|Any CPU.ActiveCfg = Release|Any CPU
		{2A8D0FCE-ADCB-4BD6-8879-57E67A44CD25}.Release|Any CPU.Build.0 = Release|Any CPU
		{E65BE5BE-0778-4747-98F8-4A3C9D3897F1}.Debug|Any CPU.ActiveCfg = Debug|Any CPU
		{E65BE5BE-0778-4747-98F8-4A3C9D3897F1}.Debug|Any CPU.Build.0 = Debug|Any CPU
		{E65BE5BE-0778-4747-98F8-4A3C9D3897F1}.Release|Any CPU.ActiveCfg = Release|Any CPU
		{E65BE5BE-0778-4747-98F8-4A3C9D3897F1}.Release|Any CPU.Build.0 = Release|Any CPU
	EndGlobalSection
	GlobalSection(SolutionProperties) = preSolution
		HideSolutionNode = FALSE
	EndGlobalSection
	GlobalSection(ExtensibilityGlobals) = postSolution
		SolutionGuid = {25ED8386-81EC-4249-8ED5-90BB37FAE6AC}
	EndGlobalSection
EndGlobal
